// !$*UTF8*$!
{
	archiveVersion = 1;
	classes = {
	};
	objectVersion = 54;
	objects = {

/* Begin PBXBuildFile section */
		0259F47E57024031B2C7BD11 /* FiraSans-Medium.ttf in Resources */ = {isa = PBXBuildFile; fileRef = 0B2969FA6BDA4C4D94DCA364 /* FiraSans-Medium.ttf */; };
		049ED137DBA64083B4DE13BE /* FiraSans-SemiBoldItalic.ttf in Resources */ = {isa = PBXBuildFile; fileRef = 59D64C1F64C647F38183536D /* FiraSans-SemiBoldItalic.ttf */; };
		073E41916A10433AB3C588DE /* FiraSans-ExtraBoldItalic.ttf in Resources */ = {isa = PBXBuildFile; fileRef = BF5B2F782F9144658E082449 /* FiraSans-ExtraBoldItalic.ttf */; };
		08E76125E18F4248B1D868E6 /* FiraSans-MediumItalic.ttf in Resources */ = {isa = PBXBuildFile; fileRef = 2D5D8554F3494CAB8E978273 /* FiraSans-MediumItalic.ttf */; };
		09926DD9D6B64E03BFDCCBEA /* FiraSans-Light.ttf in Resources */ = {isa = PBXBuildFile; fileRef = 50F08AC21DF74BD7A091D1F5 /* FiraSans-Light.ttf */; };
		0C80B921A6F3F58F76C31292 /* libPods-Artifex.a in Frameworks */ = {isa = PBXBuildFile; fileRef = 5DCACB8F33CDC322A6C60F78 /* libPods-Artifex.a */; };
		13B07FBF1A68108700A75B9A /* Images.xcassets in Resources */ = {isa = PBXBuildFile; fileRef = 13B07FB51A68108700A75B9A /* Images.xcassets */; };
		1441B8F5CFF549FAB625E52C /* FiraSans-BoldItalic.ttf in Resources */ = {isa = PBXBuildFile; fileRef = 90746EA2F0264C16B2653C86 /* FiraSans-BoldItalic.ttf */; };
		1D330BE10008473D923E59CE /* FiraSans-ExtraLight.ttf in Resources */ = {isa = PBXBuildFile; fileRef = A136A094E8E844239C7A82B5 /* FiraSans-ExtraLight.ttf */; };
		1FF50D73AB1B41209077D021 /* FiraSans-Italic.ttf in Resources */ = {isa = PBXBuildFile; fileRef = B00E6C6C30E640A79EF0537F /* FiraSans-Italic.ttf */; };
		2BBAD6A97C174A0193E2B631 /* OFL.txt in Resources */ = {isa = PBXBuildFile; fileRef = 234EA631820C4532A42E59CC /* OFL.txt */; };
		33E48DFB814F97F44B212368 /* PrivacyInfo.xcprivacy in Resources */ = {isa = PBXBuildFile; fileRef = 13B07FB81A68108700A75B9A /* PrivacyInfo.xcprivacy */; };
		3EB56FDD55FC4E5990DC6ACF /* FiraSans-Regular.ttf in Resources */ = {isa = PBXBuildFile; fileRef = 76E9ECB98C0847CCB2C3EAE9 /* FiraSans-Regular.ttf */; };
		4FE30942656E4C38B585777F /* FiraSans-Bold.ttf in Resources */ = {isa = PBXBuildFile; fileRef = BE6B00DB294D4DEABCCD8426 /* FiraSans-Bold.ttf */; };
		574CF664A8F44866AA8880D5 /* ArchivoBlack-Regular.ttf in Resources */ = {isa = PBXBuildFile; fileRef = 86B46B7AA0A54D8886A00161 /* ArchivoBlack-Regular.ttf */; };
		6151BC0859C841D49CD4A82A /* FiraSans-LightItalic.ttf in Resources */ = {isa = PBXBuildFile; fileRef = 201F9C68E0B14AB99DCDEF54 /* FiraSans-LightItalic.ttf */; };
		761780ED2CA45674006654EE /* AppDelegate.swift in Sources */ = {isa = PBXBuildFile; fileRef = 761780EC2CA45674006654EE /* AppDelegate.swift */; };
		81AB9BB82411601600AC10FF /* LaunchScreen.storyboard in Resources */ = {isa = PBXBuildFile; fileRef = 81AB9BB72411601600AC10FF /* LaunchScreen.storyboard */; };
		88CE6848036942E5991FD47F /* LICENSE.txt in Resources */ = {isa = PBXBuildFile; fileRef = 848E3DAAA233408BA25CBFD7 /* LICENSE.txt */; };
		8EEEDDDDEB984091A914057B /* HomemadeApple-Regular.ttf in Resources */ = {isa = PBXBuildFile; fileRef = 5C42CDB569D343FBB5B7740A /* HomemadeApple-Regular.ttf */; };
		9AF8871DBB3E46A7B0977D6A /* FiraSans-Thin.ttf in Resources */ = {isa = PBXBuildFile; fileRef = 2BE1D829D2014CA1B450361E /* FiraSans-Thin.ttf */; };
		A6B3564D29064E409317E454 /* FiraSans-ExtraLightItalic.ttf in Resources */ = {isa = PBXBuildFile; fileRef = ACE4E800BEFB4C999C730790 /* FiraSans-ExtraLightItalic.ttf */; };
		A7BF709F61254A098D62D206 /* FiraSans-BlackItalic.ttf in Resources */ = {isa = PBXBuildFile; fileRef = DD4651C8431848988FC8CC3C /* FiraSans-BlackItalic.ttf */; };
		B6F97D9D034C47679A249816 /* BitcountInk-VariableFont_CRSV,ELSH,ELXP,SZP1,SZP2,XPN1,XPN2,YPN1,YPN2,slnt,wght.ttf in Resources */ = {isa = PBXBuildFile; fileRef = 49C5D5DF4E08479D86BA68DD /* BitcountInk-VariableFont_CRSV,ELSH,ELXP,SZP1,SZP2,XPN1,XPN2,YPN1,YPN2,slnt,wght.ttf */; };
		BD2CFE64AF054CD1902A720B /* FiraSans-ExtraBold.ttf in Resources */ = {isa = PBXBuildFile; fileRef = E5FA5298D4624BBD81008BD4 /* FiraSans-ExtraBold.ttf */; };
		C952DC32EC01464190D41C19 /* README.txt in Resources */ = {isa = PBXBuildFile; fileRef = 77DF8F0E145441448192C1C4 /* README.txt */; };
		D60329E637EF4064A43688B6 /* FiraSans-ThinItalic.ttf in Resources */ = {isa = PBXBuildFile; fileRef = 28E33B54F36D4BF9803FA4FC /* FiraSans-ThinItalic.ttf */; };
		D7852930B2D04A6790712C80 /* FiraSans-SemiBold.ttf in Resources */ = {isa = PBXBuildFile; fileRef = FA64C5D202834126A86049DF /* FiraSans-SemiBold.ttf */; };
		E53F909B15834AD295B204D8 /* FiraSans-Black.ttf in Resources */ = {isa = PBXBuildFile; fileRef = 61FBF99FF04D45C8AA50A25B /* FiraSans-Black.ttf */; };
/* End PBXBuildFile section */

/* Begin PBXFileReference section */
		0B2969FA6BDA4C4D94DCA364 /* FiraSans-Medium.ttf */ = {isa = PBXFileReference; explicitFileType = undefined; fileEncoding = undefined; includeInIndex = 0; lastKnownFileType = unknown; name = "FiraSans-Medium.ttf"; path = "../src/assets/fonts/Fira_Sans/FiraSans-Medium.ttf"; sourceTree = "<group>"; };
		13B07F961A680F5B00A75B9A /* Artifex.app */ = {isa = PBXFileReference; explicitFileType = wrapper.application; includeInIndex = 0; path = Artifex.app; sourceTree = BUILT_PRODUCTS_DIR; };
		13B07FB51A68108700A75B9A /* Images.xcassets */ = {isa = PBXFileReference; lastKnownFileType = folder.assetcatalog; name = Images.xcassets; path = Artifex/Images.xcassets; sourceTree = "<group>"; };
		13B07FB61A68108700A75B9A /* Info.plist */ = {isa = PBXFileReference; fileEncoding = 4; lastKnownFileType = text.plist.xml; name = Info.plist; path = Artifex/Info.plist; sourceTree = "<group>"; };
		13B07FB81A68108700A75B9A /* PrivacyInfo.xcprivacy */ = {isa = PBXFileReference; fileEncoding = 4; lastKnownFileType = text.plist.xml; name = PrivacyInfo.xcprivacy; path = Artifex/PrivacyInfo.xcprivacy; sourceTree = "<group>"; };
		201F9C68E0B14AB99DCDEF54 /* FiraSans-LightItalic.ttf */ = {isa = PBXFileReference; explicitFileType = undefined; fileEncoding = undefined; includeInIndex = 0; lastKnownFileType = unknown; name = "FiraSans-LightItalic.ttf"; path = "../src/assets/fonts/Fira_Sans/FiraSans-LightItalic.ttf"; sourceTree = "<group>"; };
		234EA631820C4532A42E59CC /* OFL.txt */ = {isa = PBXFileReference; explicitFileType = undefined; fileEncoding = undefined; includeInIndex = 0; lastKnownFileType = unknown; name = OFL.txt; path = ../src/assets/fonts/Archivo_Black/OFL.txt; sourceTree = "<group>"; };
		28E33B54F36D4BF9803FA4FC /* FiraSans-ThinItalic.ttf */ = {isa = PBXFileReference; explicitFileType = undefined; fileEncoding = undefined; includeInIndex = 0; lastKnownFileType = unknown; name = "FiraSans-ThinItalic.ttf"; path = "../src/assets/fonts/Fira_Sans/FiraSans-ThinItalic.ttf"; sourceTree = "<group>"; };
		2BE1D829D2014CA1B450361E /* FiraSans-Thin.ttf */ = {isa = PBXFileReference; explicitFileType = undefined; fileEncoding = undefined; includeInIndex = 0; lastKnownFileType = unknown; name = "FiraSans-Thin.ttf"; path = "../src/assets/fonts/Fira_Sans/FiraSans-Thin.ttf"; sourceTree = "<group>"; };
		2D5D8554F3494CAB8E978273 /* FiraSans-MediumItalic.ttf */ = {isa = PBXFileReference; explicitFileType = undefined; fileEncoding = undefined; includeInIndex = 0; lastKnownFileType = unknown; name = "FiraSans-MediumItalic.ttf"; path = "../src/assets/fonts/Fira_Sans/FiraSans-MediumItalic.ttf"; sourceTree = "<group>"; };
		3B4392A12AC88292D35C810B /* Pods-Artifex.debug.xcconfig */ = {isa = PBXFileReference; includeInIndex = 1; lastKnownFileType = text.xcconfig; name = "Pods-Artifex.debug.xcconfig"; path = "Target Support Files/Pods-Artifex/Pods-Artifex.debug.xcconfig"; sourceTree = "<group>"; };
		49C5D5DF4E08479D86BA68DD /* BitcountInk-VariableFont_CRSV,ELSH,ELXP,SZP1,SZP2,XPN1,XPN2,YPN1,YPN2,slnt,wght.ttf */ = {isa = PBXFileReference; explicitFileType = undefined; fileEncoding = undefined; includeInIndex = 0; lastKnownFileType = unknown; name = "BitcountInk-VariableFont_CRSV,ELSH,ELXP,SZP1,SZP2,XPN1,XPN2,YPN1,YPN2,slnt,wght.ttf"; path = "../src/assets/fonts/Bitcount_Ink/BitcountInk-VariableFont_CRSV,ELSH,ELXP,SZP1,SZP2,XPN1,XPN2,YPN1,YPN2,slnt,wght.ttf"; sourceTree = "<group>"; };
		50F08AC21DF74BD7A091D1F5 /* FiraSans-Light.ttf */ = {isa = PBXFileReference; explicitFileType = undefined; fileEncoding = undefined; includeInIndex = 0; lastKnownFileType = unknown; name = "FiraSans-Light.ttf"; path = "../src/assets/fonts/Fira_Sans/FiraSans-Light.ttf"; sourceTree = "<group>"; };
		5709B34CF0A7D63546082F79 /* Pods-Artifex.release.xcconfig */ = {isa = PBXFileReference; includeInIndex = 1; lastKnownFileType = text.xcconfig; name = "Pods-Artifex.release.xcconfig"; path = "Target Support Files/Pods-Artifex/Pods-Artifex.release.xcconfig"; sourceTree = "<group>"; };
		59D64C1F64C647F38183536D /* FiraSans-SemiBoldItalic.ttf */ = {isa = PBXFileReference; explicitFileType = undefined; fileEncoding = undefined; includeInIndex = 0; lastKnownFileType = unknown; name = "FiraSans-SemiBoldItalic.ttf"; path = "../src/assets/fonts/Fira_Sans/FiraSans-SemiBoldItalic.ttf"; sourceTree = "<group>"; };
		5C42CDB569D343FBB5B7740A /* HomemadeApple-Regular.ttf */ = {isa = PBXFileReference; explicitFileType = undefined; fileEncoding = undefined; includeInIndex = 0; lastKnownFileType = unknown; name = "HomemadeApple-Regular.ttf"; path = "../src/assets/fonts/Homemade_Apple/HomemadeApple-Regular.ttf"; sourceTree = "<group>"; };
		5DCACB8F33CDC322A6C60F78 /* libPods-Artifex.a */ = {isa = PBXFileReference; explicitFileType = archive.ar; includeInIndex = 0; path = "libPods-Artifex.a"; sourceTree = BUILT_PRODUCTS_DIR; };
		61FBF99FF04D45C8AA50A25B /* FiraSans-Black.ttf */ = {isa = PBXFileReference; explicitFileType = undefined; fileEncoding = undefined; includeInIndex = 0; lastKnownFileType = unknown; name = "FiraSans-Black.ttf"; path = "../src/assets/fonts/Fira_Sans/FiraSans-Black.ttf"; sourceTree = "<group>"; };
		761780EC2CA45674006654EE /* AppDelegate.swift */ = {isa = PBXFileReference; lastKnownFileType = sourcecode.swift; name = AppDelegate.swift; path = Artifex/AppDelegate.swift; sourceTree = "<group>"; };
		76E9ECB98C0847CCB2C3EAE9 /* FiraSans-Regular.ttf */ = {isa = PBXFileReference; explicitFileType = undefined; fileEncoding = undefined; includeInIndex = 0; lastKnownFileType = unknown; name = "FiraSans-Regular.ttf"; path = "../src/assets/fonts/Fira_Sans/FiraSans-Regular.ttf"; sourceTree = "<group>"; };
		77DF8F0E145441448192C1C4 /* README.txt */ = {isa = PBXFileReference; explicitFileType = undefined; fileEncoding = undefined; includeInIndex = 0; lastKnownFileType = unknown; name = README.txt; path = ../src/assets/fonts/Bitcount_Ink/README.txt; sourceTree = "<group>"; };
		81AB9BB72411601600AC10FF /* LaunchScreen.storyboard */ = {isa = PBXFileReference; fileEncoding = 4; lastKnownFileType = file.storyboard; name = LaunchScreen.storyboard; path = Artifex/LaunchScreen.storyboard; sourceTree = "<group>"; };
		848E3DAAA233408BA25CBFD7 /* LICENSE.txt */ = {isa = PBXFileReference; explicitFileType = undefined; fileEncoding = undefined; includeInIndex = 0; lastKnownFileType = unknown; name = LICENSE.txt; path = ../src/assets/fonts/Homemade_Apple/LICENSE.txt; sourceTree = "<group>"; };
		86B46B7AA0A54D8886A00161 /* ArchivoBlack-Regular.ttf */ = {isa = PBXFileReference; explicitFileType = undefined; fileEncoding = undefined; includeInIndex = 0; lastKnownFileType = unknown; name = "ArchivoBlack-Regular.ttf"; path = "../src/assets/fonts/Archivo_Black/ArchivoBlack-Regular.ttf"; sourceTree = "<group>"; };
		90746EA2F0264C16B2653C86 /* FiraSans-BoldItalic.ttf */ = {isa = PBXFileReference; explicitFileType = undefined; fileEncoding = undefined; includeInIndex = 0; lastKnownFileType = unknown; name = "FiraSans-BoldItalic.ttf"; path = "../src/assets/fonts/Fira_Sans/FiraSans-BoldItalic.ttf"; sourceTree = "<group>"; };
		A136A094E8E844239C7A82B5 /* FiraSans-ExtraLight.ttf */ = {isa = PBXFileReference; explicitFileType = undefined; fileEncoding = undefined; includeInIndex = 0; lastKnownFileType = unknown; name = "FiraSans-ExtraLight.ttf"; path = "../src/assets/fonts/Fira_Sans/FiraSans-ExtraLight.ttf"; sourceTree = "<group>"; };
		ACE4E800BEFB4C999C730790 /* FiraSans-ExtraLightItalic.ttf */ = {isa = PBXFileReference; explicitFileType = undefined; fileEncoding = undefined; includeInIndex = 0; lastKnownFileType = unknown; name = "FiraSans-ExtraLightItalic.ttf"; path = "../src/assets/fonts/Fira_Sans/FiraSans-ExtraLightItalic.ttf"; sourceTree = "<group>"; };
		B00E6C6C30E640A79EF0537F /* FiraSans-Italic.ttf */ = {isa = PBXFileReference; explicitFileType = undefined; fileEncoding = undefined; includeInIndex = 0; lastKnownFileType = unknown; name = "FiraSans-Italic.ttf"; path = "../src/assets/fonts/Fira_Sans/FiraSans-Italic.ttf"; sourceTree = "<group>"; };
		BE6B00DB294D4DEABCCD8426 /* FiraSans-Bold.ttf */ = {isa = PBXFileReference; explicitFileType = undefined; fileEncoding = undefined; includeInIndex = 0; lastKnownFileType = unknown; name = "FiraSans-Bold.ttf"; path = "../src/assets/fonts/Fira_Sans/FiraSans-Bold.ttf"; sourceTree = "<group>"; };
		BF5B2F782F9144658E082449 /* FiraSans-ExtraBoldItalic.ttf */ = {isa = PBXFileReference; explicitFileType = undefined; fileEncoding = undefined; includeInIndex = 0; lastKnownFileType = unknown; name = "FiraSans-ExtraBoldItalic.ttf"; path = "../src/assets/fonts/Fira_Sans/FiraSans-ExtraBoldItalic.ttf"; sourceTree = "<group>"; };
		DD4651C8431848988FC8CC3C /* FiraSans-BlackItalic.ttf */ = {isa = PBXFileReference; explicitFileType = undefined; fileEncoding = undefined; includeInIndex = 0; lastKnownFileType = unknown; name = "FiraSans-BlackItalic.ttf"; path = "../src/assets/fonts/Fira_Sans/FiraSans-BlackItalic.ttf"; sourceTree = "<group>"; };
		E5FA5298D4624BBD81008BD4 /* FiraSans-ExtraBold.ttf */ = {isa = PBXFileReference; explicitFileType = undefined; fileEncoding = undefined; includeInIndex = 0; lastKnownFileType = unknown; name = "FiraSans-ExtraBold.ttf"; path = "../src/assets/fonts/Fira_Sans/FiraSans-ExtraBold.ttf"; sourceTree = "<group>"; };
		ED297162215061F000B7C4FE /* JavaScriptCore.framework */ = {isa = PBXFileReference; lastKnownFileType = wrapper.framework; name = JavaScriptCore.framework; path = System/Library/Frameworks/JavaScriptCore.framework; sourceTree = SDKROOT; };
		FA64C5D202834126A86049DF /* FiraSans-SemiBold.ttf */ = {isa = PBXFileReference; explicitFileType = undefined; fileEncoding = undefined; includeInIndex = 0; lastKnownFileType = unknown; name = "FiraSans-SemiBold.ttf"; path = "../src/assets/fonts/Fira_Sans/FiraSans-SemiBold.ttf"; sourceTree = "<group>"; };
/* End PBXFileReference section */

/* Begin PBXFrameworksBuildPhase section */
		13B07F8C1A680F5B00A75B9A /* Frameworks */ = {
			isa = PBXFrameworksBuildPhase;
			buildActionMask = 2147483647;
			files = (
				0C80B921A6F3F58F76C31292 /* libPods-Artifex.a in Frameworks */,
			);
			runOnlyForDeploymentPostprocessing = 0;
		};
/* End PBXFrameworksBuildPhase section */

/* Begin PBXGroup section */
		13B07FAE1A68108700A75B9A /* Artifex */ = {
			isa = PBXGroup;
			children = (
				13B07FB51A68108700A75B9A /* Images.xcassets */,
				761780EC2CA45674006654EE /* AppDelegate.swift */,
				13B07FB61A68108700A75B9A /* Info.plist */,
				81AB9BB72411601600AC10FF /* LaunchScreen.storyboard */,
				13B07FB81A68108700A75B9A /* PrivacyInfo.xcprivacy */,
			);
			name = Artifex;
			sourceTree = "<group>";
		};
		2D16E6871FA4F8E400B85C8A /* Frameworks */ = {
			isa = PBXGroup;
			children = (
				ED297162215061F000B7C4FE /* JavaScriptCore.framework */,
				5DCACB8F33CDC322A6C60F78 /* libPods-Artifex.a */,
			);
			name = Frameworks;
			sourceTree = "<group>";
		};
		5B6B14170DC84372B341DEF3 /* Resources */ = {
			isa = PBXGroup;
			children = (
				86B46B7AA0A54D8886A00161 /* ArchivoBlack-Regular.ttf */,
				49C5D5DF4E08479D86BA68DD /* BitcountInk-VariableFont_CRSV,ELSH,ELXP,SZP1,SZP2,XPN1,XPN2,YPN1,YPN2,slnt,wght.ttf */,
				61FBF99FF04D45C8AA50A25B /* FiraSans-Black.ttf */,
				DD4651C8431848988FC8CC3C /* FiraSans-BlackItalic.ttf */,
				BE6B00DB294D4DEABCCD8426 /* FiraSans-Bold.ttf */,
				90746EA2F0264C16B2653C86 /* FiraSans-BoldItalic.ttf */,
				E5FA5298D4624BBD81008BD4 /* FiraSans-ExtraBold.ttf */,
				BF5B2F782F9144658E082449 /* FiraSans-ExtraBoldItalic.ttf */,
				A136A094E8E844239C7A82B5 /* FiraSans-ExtraLight.ttf */,
				ACE4E800BEFB4C999C730790 /* FiraSans-ExtraLightItalic.ttf */,
				B00E6C6C30E640A79EF0537F /* FiraSans-Italic.ttf */,
				50F08AC21DF74BD7A091D1F5 /* FiraSans-Light.ttf */,
				201F9C68E0B14AB99DCDEF54 /* FiraSans-LightItalic.ttf */,
				0B2969FA6BDA4C4D94DCA364 /* FiraSans-Medium.ttf */,
				2D5D8554F3494CAB8E978273 /* FiraSans-MediumItalic.ttf */,
				76E9ECB98C0847CCB2C3EAE9 /* FiraSans-Regular.ttf */,
				FA64C5D202834126A86049DF /* FiraSans-SemiBold.ttf */,
				59D64C1F64C647F38183536D /* FiraSans-SemiBoldItalic.ttf */,
				2BE1D829D2014CA1B450361E /* FiraSans-Thin.ttf */,
				28E33B54F36D4BF9803FA4FC /* FiraSans-ThinItalic.ttf */,
				5C42CDB569D343FBB5B7740A /* HomemadeApple-Regular.ttf */,
				234EA631820C4532A42E59CC /* OFL.txt */,
				77DF8F0E145441448192C1C4 /* README.txt */,
				848E3DAAA233408BA25CBFD7 /* LICENSE.txt */,
			);
			name = Resources;
			path = "";
			sourceTree = "<group>";
		};
		832341AE1AAA6A7D00B99B32 /* Libraries */ = {
			isa = PBXGroup;
			children = (
			);
			name = Libraries;
			sourceTree = "<group>";
		};
		83CBB9F61A601CBA00E9B192 = {
			isa = PBXGroup;
			children = (
				13B07FAE1A68108700A75B9A /* Artifex */,
				832341AE1AAA6A7D00B99B32 /* Libraries */,
				83CBBA001A601CBA00E9B192 /* Products */,
				2D16E6871FA4F8E400B85C8A /* Frameworks */,
				BBD78D7AC51CEA395F1C20DB /* Pods */,
				5B6B14170DC84372B341DEF3 /* Resources */,
			);
			indentWidth = 2;
			sourceTree = "<group>";
			tabWidth = 2;
			usesTabs = 0;
		};
		83CBBA001A601CBA00E9B192 /* Products */ = {
			isa = PBXGroup;
			children = (
				13B07F961A680F5B00A75B9A /* Artifex.app */,
			);
			name = Products;
			sourceTree = "<group>";
		};
		BBD78D7AC51CEA395F1C20DB /* Pods */ = {
			isa = PBXGroup;
			children = (
				3B4392A12AC88292D35C810B /* Pods-Artifex.debug.xcconfig */,
				5709B34CF0A7D63546082F79 /* Pods-Artifex.release.xcconfig */,
			);
			path = Pods;
			sourceTree = "<group>";
		};
/* End PBXGroup section */

/* Begin PBXNativeTarget section */
		13B07F861A680F5B00A75B9A /* Artifex */ = {
			isa = PBXNativeTarget;
			buildConfigurationList = 13B07F931A680F5B00A75B9A /* Build configuration list for PBXNativeTarget "Artifex" */;
			buildPhases = (
				C38B50BA6285516D6DCD4F65 /* [CP] Check Pods Manifest.lock */,
				13B07F871A680F5B00A75B9A /* Sources */,
				13B07F8C1A680F5B00A75B9A /* Frameworks */,
				13B07F8E1A680F5B00A75B9A /* Resources */,
				00DD1BFF1BD5951E006B06BC /* Bundle React Native code and images */,
				00EEFC60759A1932668264C0 /* [CP] Embed Pods Frameworks */,
				E235C05ADACE081382539298 /* [CP] Copy Pods Resources */,
			);
			buildRules = (
			);
			dependencies = (
			);
			name = Artifex;
			productName = Artifex;
			productReference = 13B07F961A680F5B00A75B9A /* Artifex.app */;
			productType = "com.apple.product-type.application";
		};
/* End PBXNativeTarget section */

/* Begin PBXProject section */
		83CBB9F71A601CBA00E9B192 /* Project object */ = {
			isa = PBXProject;
			attributes = {
				LastUpgradeCheck = 1210;
				TargetAttributes = {
					13B07F861A680F5B00A75B9A = {
						LastSwiftMigration = 1120;
					};
				};
			};
			buildConfigurationList = 83CBB9FA1A601CBA00E9B192 /* Build configuration list for PBXProject "Artifex" */;
			compatibilityVersion = "Xcode 12.0";
			developmentRegion = en;
			hasScannedForEncodings = 0;
			knownRegions = (
				en,
				Base,
			);
			mainGroup = 83CBB9F61A601CBA00E9B192;
			productRefGroup = 83CBBA001A601CBA00E9B192 /* Products */;
			projectDirPath = "";
			projectRoot = "";
			targets = (
				13B07F861A680F5B00A75B9A /* Artifex */,
			);
		};
/* End PBXProject section */

/* Begin PBXResourcesBuildPhase section */
		13B07F8E1A680F5B00A75B9A /* Resources */ = {
			isa = PBXResourcesBuildPhase;
			buildActionMask = 2147483647;
			files = (
				81AB9BB82411601600AC10FF /* LaunchScreen.storyboard in Resources */,
				13B07FBF1A68108700A75B9A /* Images.xcassets in Resources */,
				33E48DFB814F97F44B212368 /* PrivacyInfo.xcprivacy in Resources */,
				574CF664A8F44866AA8880D5 /* ArchivoBlack-Regular.ttf in Resources */,
				B6F97D9D034C47679A249816 /* BitcountInk-VariableFont_CRSV,ELSH,ELXP,SZP1,SZP2,XPN1,XPN2,YPN1,YPN2,slnt,wght.ttf in Resources */,
				E53F909B15834AD295B204D8 /* FiraSans-Black.ttf in Resources */,
				A7BF709F61254A098D62D206 /* FiraSans-BlackItalic.ttf in Resources */,
				4FE30942656E4C38B585777F /* FiraSans-Bold.ttf in Resources */,
				1441B8F5CFF549FAB625E52C /* FiraSans-BoldItalic.ttf in Resources */,
				BD2CFE64AF054CD1902A720B /* FiraSans-ExtraBold.ttf in Resources */,
				073E41916A10433AB3C588DE /* FiraSans-ExtraBoldItalic.ttf in Resources */,
				1D330BE10008473D923E59CE /* FiraSans-ExtraLight.ttf in Resources */,
				A6B3564D29064E409317E454 /* FiraSans-ExtraLightItalic.ttf in Resources */,
				1FF50D73AB1B41209077D021 /* FiraSans-Italic.ttf in Resources */,
				09926DD9D6B64E03BFDCCBEA /* FiraSans-Light.ttf in Resources */,
				6151BC0859C841D49CD4A82A /* FiraSans-LightItalic.ttf in Resources */,
				0259F47E57024031B2C7BD11 /* FiraSans-Medium.ttf in Resources */,
				08E76125E18F4248B1D868E6 /* FiraSans-MediumItalic.ttf in Resources */,
				3EB56FDD55FC4E5990DC6ACF /* FiraSans-Regular.ttf in Resources */,
				D7852930B2D04A6790712C80 /* FiraSans-SemiBold.ttf in Resources */,
				049ED137DBA64083B4DE13BE /* FiraSans-SemiBoldItalic.ttf in Resources */,
				9AF8871DBB3E46A7B0977D6A /* FiraSans-Thin.ttf in Resources */,
				D60329E637EF4064A43688B6 /* FiraSans-ThinItalic.ttf in Resources */,
				8EEEDDDDEB984091A914057B /* HomemadeApple-Regular.ttf in Resources */,
				2BBAD6A97C174A0193E2B631 /* OFL.txt in Resources */,
				C952DC32EC01464190D41C19 /* README.txt in Resources */,
				88CE6848036942E5991FD47F /* LICENSE.txt in Resources */,
			);
			runOnlyForDeploymentPostprocessing = 0;
		};
/* End PBXResourcesBuildPhase section */

/* Begin PBXShellScriptBuildPhase section */
		00DD1BFF1BD5951E006B06BC /* Bundle React Native code and images */ = {
			isa = PBXShellScriptBuildPhase;
			buildActionMask = 2147483647;
			files = (
			);
			inputPaths = (
				"$(SRCROOT)/.xcode.env.local",
				"$(SRCROOT)/.xcode.env",
			);
			name = "Bundle React Native code and images";
			outputPaths = (
			);
			runOnlyForDeploymentPostprocessing = 0;
			shellPath = /bin/sh;
			shellScript = "set -e\n\nWITH_ENVIRONMENT=\"$REACT_NATIVE_PATH/scripts/xcode/with-environment.sh\"\nREACT_NATIVE_XCODE=\"$REACT_NATIVE_PATH/scripts/react-native-xcode.sh\"\n\n/bin/sh -c \"$WITH_ENVIRONMENT $REACT_NATIVE_XCODE\"\n";
		};
		00EEFC60759A1932668264C0 /* [CP] Embed Pods Frameworks */ = {
			isa = PBXShellScriptBuildPhase;
			buildActionMask = 2147483647;
			files = (
			);
			inputFileListPaths = (
				"${PODS_ROOT}/Target Support Files/Pods-Artifex/Pods-Artifex-frameworks-${CONFIGURATION}-input-files.xcfilelist",
			);
			name = "[CP] Embed Pods Frameworks";
			outputFileListPaths = (
				"${PODS_ROOT}/Target Support Files/Pods-Artifex/Pods-Artifex-frameworks-${CONFIGURATION}-output-files.xcfilelist",
			);
			runOnlyForDeploymentPostprocessing = 0;
			shellPath = /bin/sh;
			shellScript = "\"${PODS_ROOT}/Target Support Files/Pods-Artifex/Pods-Artifex-frameworks.sh\"\n";
			showEnvVarsInLog = 0;
		};
		C38B50BA6285516D6DCD4F65 /* [CP] Check Pods Manifest.lock */ = {
			isa = PBXShellScriptBuildPhase;
			buildActionMask = 2147483647;
			files = (
			);
			inputFileListPaths = (
			);
			inputPaths = (
				"${PODS_PODFILE_DIR_PATH}/Podfile.lock",
				"${PODS_ROOT}/Manifest.lock",
			);
			name = "[CP] Check Pods Manifest.lock";
			outputFileListPaths = (
			);
			outputPaths = (
				"$(DERIVED_FILE_DIR)/Pods-Artifex-checkManifestLockResult.txt",
			);
			runOnlyForDeploymentPostprocessing = 0;
			shellPath = /bin/sh;
			shellScript = "diff \"${PODS_PODFILE_DIR_PATH}/Podfile.lock\" \"${PODS_ROOT}/Manifest.lock\" > /dev/null\nif [ $? != 0 ] ; then\n    # print error to STDERR\n    echo \"error: The sandbox is not in sync with the Podfile.lock. Run 'pod install' or update your CocoaPods installation.\" >&2\n    exit 1\nfi\n# This output is used by Xcode 'outputs' to avoid re-running this script phase.\necho \"SUCCESS\" > \"${SCRIPT_OUTPUT_FILE_0}\"\n";
			showEnvVarsInLog = 0;
		};
		E235C05ADACE081382539298 /* [CP] Copy Pods Resources */ = {
			isa = PBXShellScriptBuildPhase;
			buildActionMask = 2147483647;
			files = (
			);
			inputFileListPaths = (
				"${PODS_ROOT}/Target Support Files/Pods-Artifex/Pods-Artifex-resources-${CONFIGURATION}-input-files.xcfilelist",
			);
			name = "[CP] Copy Pods Resources";
			outputFileListPaths = (
				"${PODS_ROOT}/Target Support Files/Pods-Artifex/Pods-Artifex-resources-${CONFIGURATION}-output-files.xcfilelist",
			);
			runOnlyForDeploymentPostprocessing = 0;
			shellPath = /bin/sh;
			shellScript = "\"${PODS_ROOT}/Target Support Files/Pods-Artifex/Pods-Artifex-resources.sh\"\n";
			showEnvVarsInLog = 0;
		};
/* End PBXShellScriptBuildPhase section */

/* Begin PBXSourcesBuildPhase section */
		13B07F871A680F5B00A75B9A /* Sources */ = {
			isa = PBXSourcesBuildPhase;
			buildActionMask = 2147483647;
			files = (
				761780ED2CA45674006654EE /* AppDelegate.swift in Sources */,
			);
			runOnlyForDeploymentPostprocessing = 0;
		};
/* End PBXSourcesBuildPhase section */

/* Begin XCBuildConfiguration section */
		13B07F941A680F5B00A75B9A /* Debug */ = {
			isa = XCBuildConfiguration;
			baseConfigurationReference = 3B4392A12AC88292D35C810B /* Pods-Artifex.debug.xcconfig */;
			buildSettings = {
				ASSETCATALOG_COMPILER_APPICON_NAME = AppIcon;
				CLANG_ENABLE_MODULES = YES;
				CURRENT_PROJECT_VERSION = 1;
				ENABLE_BITCODE = NO;
				INFOPLIST_FILE = Artifex/Info.plist;
				IPHONEOS_DEPLOYMENT_TARGET = 15.1;
				LD_RUNPATH_SEARCH_PATHS = (
					"$(inherited)",
					"@executable_path/Frameworks",
				);
				MARKETING_VERSION = 1.0;
				OTHER_LDFLAGS = (
					"$(inherited)",
					"-ObjC",
					"-lc++",
				);
				PRODUCT_BUNDLE_IDENTIFIER = "org.reactjs.native.example.$(PRODUCT_NAME:rfc1034identifier)";
				PRODUCT_NAME = Artifex;
				SWIFT_OPTIMIZATION_LEVEL = "-Onone";
				SWIFT_VERSION = 5.0;
				VERSIONING_SYSTEM = "apple-generic";
			};
			name = Debug;
		};
		13B07F951A680F5B00A75B9A /* Release */ = {
			isa = XCBuildConfiguration;
			baseConfigurationReference = 5709B34CF0A7D63546082F79 /* Pods-Artifex.release.xcconfig */;
			buildSettings = {
				ASSETCATALOG_COMPILER_APPICON_NAME = AppIcon;
				CLANG_ENABLE_MODULES = YES;
				CURRENT_PROJECT_VERSION = 1;
				INFOPLIST_FILE = Artifex/Info.plist;
				IPHONEOS_DEPLOYMENT_TARGET = 15.1;
				LD_RUNPATH_SEARCH_PATHS = (
					"$(inherited)",
					"@executable_path/Frameworks",
				);
				MARKETING_VERSION = 1.0;
				OTHER_LDFLAGS = (
					"$(inherited)",
					"-ObjC",
					"-lc++",
				);
				PRODUCT_BUNDLE_IDENTIFIER = "org.reactjs.native.example.$(PRODUCT_NAME:rfc1034identifier)";
				PRODUCT_NAME = Artifex;
				SWIFT_VERSION = 5.0;
				VERSIONING_SYSTEM = "apple-generic";
			};
			name = Release;
		};
		83CBBA201A601CBA00E9B192 /* Debug */ = {
			isa = XCBuildConfiguration;
			buildSettings = {
				ALWAYS_SEARCH_USER_PATHS = NO;
				CLANG_ANALYZER_LOCALIZABILITY_NONLOCALIZED = YES;
				CLANG_CXX_LANGUAGE_STANDARD = "c++20";
				CLANG_CXX_LIBRARY = "libc++";
				CLANG_ENABLE_MODULES = YES;
				CLANG_ENABLE_OBJC_ARC = YES;
				CLANG_WARN_BLOCK_CAPTURE_AUTORELEASING = YES;
				CLANG_WARN_BOOL_CONVERSION = YES;
				CLANG_WARN_COMMA = YES;
				CLANG_WARN_CONSTANT_CONVERSION = YES;
				CLANG_WARN_DEPRECATED_OBJC_IMPLEMENTATIONS = YES;
				CLANG_WARN_DIRECT_OBJC_ISA_USAGE = YES_ERROR;
				CLANG_WARN_EMPTY_BODY = YES;
				CLANG_WARN_ENUM_CONVERSION = YES;
				CLANG_WARN_INFINITE_RECURSION = YES;
				CLANG_WARN_INT_CONVERSION = YES;
				CLANG_WARN_NON_LITERAL_NULL_CONVERSION = YES;
				CLANG_WARN_OBJC_IMPLICIT_RETAIN_SELF = YES;
				CLANG_WARN_OBJC_LITERAL_CONVERSION = YES;
				CLANG_WARN_OBJC_ROOT_CLASS = YES_ERROR;
				CLANG_WARN_QUOTED_INCLUDE_IN_FRAMEWORK_HEADER = YES;
				CLANG_WARN_RANGE_LOOP_ANALYSIS = YES;
				CLANG_WARN_STRICT_PROTOTYPES = YES;
				CLANG_WARN_SUSPICIOUS_MOVE = YES;
				CLANG_WARN_UNREACHABLE_CODE = YES;
				CLANG_WARN__DUPLICATE_METHOD_MATCH = YES;
				"CODE_SIGN_IDENTITY[sdk=iphoneos*]" = "iPhone Developer";
				COPY_PHASE_STRIP = NO;
				ENABLE_STRICT_OBJC_MSGSEND = YES;
				ENABLE_TESTABILITY = YES;
				"EXCLUDED_ARCHS[sdk=iphonesimulator*]" = "";
				GCC_C_LANGUAGE_STANDARD = gnu99;
				GCC_DYNAMIC_NO_PIC = NO;
				GCC_NO_COMMON_BLOCKS = YES;
				GCC_OPTIMIZATION_LEVEL = 0;
				GCC_PREPROCESSOR_DEFINITIONS = (
					"DEBUG=1",
					"$(inherited)",
				);
				GCC_SYMBOLS_PRIVATE_EXTERN = NO;
				GCC_WARN_64_TO_32_BIT_CONVERSION = YES;
				GCC_WARN_ABOUT_RETURN_TYPE = YES_ERROR;
				GCC_WARN_UNDECLARED_SELECTOR = YES;
				GCC_WARN_UNINITIALIZED_AUTOS = YES_AGGRESSIVE;
				GCC_WARN_UNUSED_FUNCTION = YES;
				GCC_WARN_UNUSED_VARIABLE = YES;
				IPHONEOS_DEPLOYMENT_TARGET = 15.1;
				LD_RUNPATH_SEARCH_PATHS = (
					/usr/lib/swift,
					"$(inherited)",
				);
				LIBRARY_SEARCH_PATHS = (
					"\"$(SDKROOT)/usr/lib/swift\"",
					"\"$(TOOLCHAIN_DIR)/usr/lib/swift/$(PLATFORM_NAME)\"",
					"\"$(inherited)\"",
				);
				MTL_ENABLE_DEBUG_INFO = YES;
				ONLY_ACTIVE_ARCH = YES;
				OTHER_CPLUSPLUSFLAGS = (
					"$(OTHER_CFLAGS)",
					"-DFOLLY_NO_CONFIG",
					"-DFOLLY_MOBILE=1",
					"-DFOLLY_USE_LIBCPP=1",
					"-DFOLLY_CFG_NO_COROUTINES=1",
					"-DFOLLY_HAVE_CLOCK_GETTIME=1",
				);
				REACT_NATIVE_PATH = "${PODS_ROOT}/../../node_modules/react-native";
				SDKROOT = iphoneos;
				SWIFT_ACTIVE_COMPILATION_CONDITIONS = "$(inherited) DEBUG";
				USE_HERMES = true;
			};
			name = Debug;
		};
		83CBBA211A601CBA00E9B192 /* Release */ = {
			isa = XCBuildConfiguration;
			buildSettings = {
				ALWAYS_SEARCH_USER_PATHS = NO;
				CLANG_ANALYZER_LOCALIZABILITY_NONLOCALIZED = YES;
				CLANG_CXX_LANGUAGE_STANDARD = "c++20";
				CLANG_CXX_LIBRARY = "libc++";
				CLANG_ENABLE_MODULES = YES;
				CLANG_ENABLE_OBJC_ARC = YES;
				CLANG_WARN_BLOCK_CAPTURE_AUTORELEASING = YES;
				CLANG_WARN_BOOL_CONVERSION = YES;
				CLANG_WARN_COMMA = YES;
				CLANG_WARN_CONSTANT_CONVERSION = YES;
				CLANG_WARN_DEPRECATED_OBJC_IMPLEMENTATIONS = YES;
				CLANG_WARN_DIRECT_OBJC_ISA_USAGE = YES_ERROR;
				CLANG_WARN_EMPTY_BODY = YES;
				CLANG_WARN_ENUM_CONVERSION = YES;
				CLANG_WARN_INFINITE_RECURSION = YES;
				CLANG_WARN_INT_CONVERSION = YES;
				CLANG_WARN_NON_LITERAL_NULL_CONVERSION = YES;
				CLANG_WARN_OBJC_IMPLICIT_RETAIN_SELF = YES;
				CLANG_WARN_OBJC_LITERAL_CONVERSION = YES;
				CLANG_WARN_OBJC_ROOT_CLASS = YES_ERROR;
				CLANG_WARN_QUOTED_INCLUDE_IN_FRAMEWORK_HEADER = YES;
				CLANG_WARN_RANGE_LOOP_ANALYSIS = YES;
				CLANG_WARN_STRICT_PROTOTYPES = YES;
				CLANG_WARN_SUSPICIOUS_MOVE = YES;
				CLANG_WARN_UNREACHABLE_CODE = YES;
				CLANG_WARN__DUPLICATE_METHOD_MATCH = YES;
				"CODE_SIGN_IDENTITY[sdk=iphoneos*]" = "iPhone Developer";
				COPY_PHASE_STRIP = YES;
				ENABLE_NS_ASSERTIONS = NO;
				ENABLE_STRICT_OBJC_MSGSEND = YES;
				"EXCLUDED_ARCHS[sdk=iphonesimulator*]" = "";
				GCC_C_LANGUAGE_STANDARD = gnu99;
				GCC_NO_COMMON_BLOCKS = YES;
				GCC_WARN_64_TO_32_BIT_CONVERSION = YES;
				GCC_WARN_ABOUT_RETURN_TYPE = YES_ERROR;
				GCC_WARN_UNDECLARED_SELECTOR = YES;
				GCC_WARN_UNINITIALIZED_AUTOS = YES_AGGRESSIVE;
				GCC_WARN_UNUSED_FUNCTION = YES;
				GCC_WARN_UNUSED_VARIABLE = YES;
				IPHONEOS_DEPLOYMENT_TARGET = 15.1;
				LD_RUNPATH_SEARCH_PATHS = (
					/usr/lib/swift,
					"$(inherited)",
				);
				LIBRARY_SEARCH_PATHS = (
					"\"$(SDKROOT)/usr/lib/swift\"",
					"\"$(TOOLCHAIN_DIR)/usr/lib/swift/$(PLATFORM_NAME)\"",
					"\"$(inherited)\"",
				);
				MTL_ENABLE_DEBUG_INFO = NO;
				OTHER_CPLUSPLUSFLAGS = (
					"$(OTHER_CFLAGS)",
					"-DFOLLY_NO_CONFIG",
					"-DFOLLY_MOBILE=1",
					"-DFOLLY_USE_LIBCPP=1",
					"-DFOLLY_CFG_NO_COROUTINES=1",
					"-DFOLLY_HAVE_CLOCK_GETTIME=1",
				);
				REACT_NATIVE_PATH = "${PODS_ROOT}/../../node_modules/react-native";
				SDKROOT = iphoneos;
				USE_HERMES = true;
				VALIDATE_PRODUCT = YES;
			};
			name = Release;
		};
/* End XCBuildConfiguration section */

/* Begin XCConfigurationList section */
		13B07F931A680F5B00A75B9A /* Build configuration list for PBXNativeTarget "Artifex" */ = {
			isa = XCConfigurationList;
			buildConfigurations = (
				13B07F941A680F5B00A75B9A /* Debug */,
				13B07F951A680F5B00A75B9A /* Release */,
			);
			defaultConfigurationIsVisible = 0;
			defaultConfigurationName = Release;
		};
		83CBB9FA1A601CBA00E9B192 /* Build configuration list for PBXProject "Artifex" */ = {
			isa = XCConfigurationList;
			buildConfigurations = (
				83CBBA201A601CBA00E9B192 /* Debug */,
				83CBBA211A601CBA00E9B192 /* Release */,
			);
			defaultConfigurationIsVisible = 0;
			defaultConfigurationName = Release;
		};
/* End XCConfigurationList section */
	};
	rootObject = 83CBB9F71A601CBA00E9B192 /* Project object */;
}
